
Microsoft Visual Studio Solution File, Format Version 11.00
# Visual Studio 2010
Project("{FAE04EC0-301F-11D3-BF4B-00C04F79EFBC}") = "BarcodeAddIn", "BarcodeAddIn\BarcodeAddIn.csproj", "{2BB1CE6B-B929-4F92-A4DF-F2327373BDFF}"
EndProject
Global
	GlobalSection(SolutionConfigurationPlatforms) = preSolution
		Debug|Any CPU = Debug|Any CPU
		Release|Any CPU = Release|Any CPU
	EndGlobalSection
	GlobalSection(ProjectConfigurationPlatforms) = postSolution
		{2BB1CE6B-B929-4F92-A4DF-F2327373BDFF}.Debug|Any CPU.ActiveCfg = Debug|Any CPU
		{2BB1CE6B-B929-4F92-A4DF-F2327373BDFF}.Debug|Any CPU.Build.0 = Debug|Any CPU
		{2BB1CE6B-B929-4F92-A4DF-F2327373BDFF}.Release|Any CPU.ActiveCfg = Release|Any CPU
		{2BB1CE6B-B929-4F92-A4DF-F2327373BDFF}.Release|Any CPU.Build.0 = Release|Any CPU
	EndGlobalSection
	GlobalSection(SolutionProperties) = preSolution
		HideSolutionNode = FALSE
	EndGlobalSection
EndGlobal
